
Microsoft Visual Studio Solution File, Format Version 12.00
# Visual Studio Version 17
VisualStudioVersion = 17.1.31911.260
MinimumVisualStudioVersion = 10.0.40219.1
Project("{2150E333-8FDC-42A3-9474-1A3956D46DE8}") = "Tests", "Tests", "{E9CFD145-721B-4E34-A8E8-34BE03F79FED}"
EndProject
Project("{9A19103F-16F7-4668-BE54-9A1E7A4F7556}") = "CardGames.Core", "CardGames.Core\CardGames.Core.csproj", "{B3964C69-A716-47D4-B16D-7C09DD9737C7}"
EndProject
Project("{9A19103F-16F7-4668-BE54-9A1E7A4F7556}") = "CardGames.Core.Tests", "Tests\CardGames.Core.Tests\CardGames.Core.Tests.csproj", "{A8AAB3EA-C612-493E-9AD0-66DA966B82D6}"
EndProject
Project("{9A19103F-16F7-4668-BE54-9A1E7A4F7556}") = "CardGames.Core.French", "CardGames.Core.French\CardGames.Core.French.csproj", "{81A61078-4E40-4E67-B66D-ABCFCD6A3033}"
EndProject
Project("{9A19103F-16F7-4668-BE54-9A1E7A4F7556}") = "CardGames.Core.French.Tests", "Tests\CardGames.Core.French.Tests\CardGames.Core.French.Tests.csproj", "{8F0154B5-DF55-4F0F-8CAE-C51F4737942E}"
EndProject
Project("{9A19103F-16F7-4668-BE54-9A1E7A4F7556}") = "CardGames.Poker.Benchmarks", "CardGames.Playground.Runner\CardGames.Poker.Benchmarks.csproj", "{7C5A3944-4E44-47CD-BB0B-D7187D656A10}"
EndProject
Project("{9A19103F-16F7-4668-BE54-9A1E7A4F7556}") = "CardGames.Poker", "CardGames.Poker\CardGames.Poker.csproj", "{8F8310CA-22FE-46CF-807A-3791D1D8A15B}"
EndProject
Project("{9A19103F-16F7-4668-BE54-9A1E7A4F7556}") = "CardGames.Poker.Tests", "Tests\CardGames.Poker.Tests\CardGames.Poker.Tests.csproj", "{5E8EEC44-FA73-4A66-9433-64D5E3468C9D}"
EndProject
Project("{9A19103F-16F7-4668-BE54-9A1E7A4F7556}") = "CardGames.Poker.CLI", "CardGames.Poker.CLI\CardGames.Poker.CLI.csproj", "{D9CC9201-2928-48C9-ACBC-FB3D5D752796}"
EndProject
Global
	GlobalSection(SolutionConfigurationPlatforms) = preSolution
		Debug|Any CPU = Debug|Any CPU
		Release|Any CPU = Release|Any CPU
	EndGlobalSection
	GlobalSection(ProjectConfigurationPlatforms) = postSolution
		{B3964C69-A716-47D4-B16D-7C09DD9737C7}.Debug|Any CPU.ActiveCfg = Debug|Any CPU
		{B3964C69-A716-47D4-B16D-7C09DD9737C7}.Debug|Any CPU.Build.0 = Debug|Any CPU
		{B3964C69-A716-47D4-B16D-7C09DD9737C7}.Release|Any CPU.ActiveCfg = Release|Any CPU
		{B3964C69-A716-47D4-B16D-7C09DD9737C7}.Release|Any CPU.Build.0 = Release|Any CPU
		{A8AAB3EA-C612-493E-9AD0-66DA966B82D6}.Debug|Any CPU.ActiveCfg = Debug|Any CPU
		{A8AAB3EA-C612-493E-9AD0-66DA966B82D6}.Debug|Any CPU.Build.0 = Debug|Any CPU
		{A8AAB3EA-C612-493E-9AD0-66DA966B82D6}.Release|Any CPU.ActiveCfg = Release|Any CPU
		{A8AAB3EA-C612-493E-9AD0-66DA966B82D6}.Release|Any CPU.Build.0 = Release|Any CPU
		{81A61078-4E40-4E67-B66D-ABCFCD6A3033}.Debug|Any CPU.ActiveCfg = Debug|Any CPU
		{81A61078-4E40-4E67-B66D-ABCFCD6A3033}.Debug|Any CPU.Build.0 = Debug|Any CPU
		{81A61078-4E40-4E67-B66D-ABCFCD6A3033}.Release|Any CPU.ActiveCfg = Release|Any CPU
		{81A61078-4E40-4E67-B66D-ABCFCD6A3033}.Release|Any CPU.Build.0 = Release|Any CPU
		{8F0154B5-DF55-4F0F-8CAE-C51F4737942E}.Debug|Any CPU.ActiveCfg = Debug|Any CPU
		{8F0154B5-DF55-4F0F-8CAE-C51F4737942E}.Debug|Any CPU.Build.0 = Debug|Any CPU
		{8F0154B5-DF55-4F0F-8CAE-C51F4737942E}.Release|Any CPU.ActiveCfg = Release|Any CPU
		{8F0154B5-DF55-4F0F-8CAE-C51F4737942E}.Release|Any CPU.Build.0 = Release|Any CPU
		{7C5A3944-4E44-47CD-BB0B-D7187D656A10}.Debug|Any CPU.ActiveCfg = Debug|Any CPU
		{7C5A3944-4E44-47CD-BB0B-D7187D656A10}.Debug|Any CPU.Build.0 = Debug|Any CPU
		{7C5A3944-4E44-47CD-BB0B-D7187D656A10}.Release|Any CPU.ActiveCfg = Release|Any CPU
		{7C5A3944-4E44-47CD-BB0B-D7187D656A10}.Release|Any CPU.Build.0 = Release|Any CPU
		{8F8310CA-22FE-46CF-807A-3791D1D8A15B}.Debug|Any CPU.ActiveCfg = Debug|Any CPU
		{8F8310CA-22FE-46CF-807A-3791D1D8A15B}.Debug|Any CPU.Build.0 = Debug|Any CPU
		{8F8310CA-22FE-46CF-807A-3791D1D8A15B}.Release|Any CPU.ActiveCfg = Release|Any CPU
		{8F8310CA-22FE-46CF-807A-3791D1D8A15B}.Release|Any CPU.Build.0 = Release|Any CPU
		{5E8EEC44-FA73-4A66-9433-64D5E3468C9D}.Debug|Any CPU.ActiveCfg = Debug|Any CPU
		{5E8EEC44-FA73-4A66-9433-64D5E3468C9D}.Debug|Any CPU.Build.0 = Debug|Any CPU
		{5E8EEC44-FA73-4A66-9433-64D5E3468C9D}.Release|Any CPU.ActiveCfg = Release|Any CPU
		{5E8EEC44-FA73-4A66-9433-64D5E3468C9D}.Release|Any CPU.Build.0 = Release|Any CPU
		{D9CC9201-2928-48C9-ACBC-FB3D5D752796}.Debug|Any CPU.ActiveCfg = Debug|Any CPU
		{D9CC9201-2928-48C9-ACBC-FB3D5D752796}.Debug|Any CPU.Build.0 = Debug|Any CPU
		{D9CC9201-2928-48C9-ACBC-FB3D5D752796}.Release|Any CPU.ActiveCfg = Release|Any CPU
		{D9CC9201-2928-48C9-ACBC-FB3D5D752796}.Release|Any CPU.Build.0 = Release|Any CPU
	EndGlobalSection
	GlobalSection(SolutionProperties) = preSolution
		HideSolutionNode = FALSE
	EndGlobalSection
	GlobalSection(NestedProjects) = preSolution
		{A8AAB3EA-C612-493E-9AD0-66DA966B82D6} = {E9CFD145-721B-4E34-A8E8-34BE03F79FED}
		{8F0154B5-DF55-4F0F-8CAE-C51F4737942E} = {E9CFD145-721B-4E34-A8E8-34BE03F79FED}
		{5E8EEC44-FA73-4A66-9433-64D5E3468C9D} = {E9CFD145-721B-4E34-A8E8-34BE03F79FED}
	EndGlobalSection
	GlobalSection(ExtensibilityGlobals) = postSolution
		SolutionGuid = {0E8F314E-CFF9-4CE9-8D59-54A58A05FAEA}
	EndGlobalSection
EndGlobal
